
Microsoft Visual Studio Solution File, Format Version 12.00
# Visual Studio Version 17
VisualStudioVersion = 17.8.34330.188
MinimumVisualStudioVersion = 10.0.40219.1
Project("{FAE04EC0-301F-11D3-BF4B-00C04F79EFBC}") = "Smart Home App", "Smart Home App\Smart Home App.csproj", "{9B3D83FD-2771-4537-B928-D2C54CF71B7E}"
EndProject
Global
	GlobalSection(SolutionConfigurationPlatforms) = preSolution
		Debug|Any CPU = Debug|Any CPU
		Release|Any CPU = Release|Any CPU
	EndGlobalSection
	GlobalSection(ProjectConfigurationPlatforms) = postSolution
		{9B3D83FD-2771-4537-B928-D2C54CF71B7E}.Debug|Any CPU.ActiveCfg = Debug|Any CPU
		{9B3D83FD-2771-4537-B928-D2C54CF71B7E}.Debug|Any CPU.Build.0 = Debug|Any CPU
		{9B3D83FD-2771-4537-B928-D2C54CF71B7E}.Release|Any CPU.ActiveCfg = Release|Any CPU
		{9B3D83FD-2771-4537-B928-D2C54CF71B7E}.Release|Any CPU.Build.0 = Release|Any CPU
	EndGlobalSection
	GlobalSection(SolutionProperties) = preSolution
		HideSolutionNode = FALSE
	EndGlobalSection
	GlobalSection(ExtensibilityGlobals) = postSolution
		SolutionGuid = {591DCE79-0166-4C47-BB87-D8A8AB17CEEC}
	EndGlobalSection
EndGlobal
